cloud.google.com/go v0.26.0/go.mod h1:aQUYkXzVsufM+DwF1aE+0xfcU+56JwCaLick0ClmMTw=
git.speakin.mobi/bonus/grpc.git v0.0.0-20180702101554-bc8ab648c5dd h1:HUjgRXFxAzWKx9tgVGtFBO10kolZNKwSKg6ECpKk8sM=
git.speakin.mobi/bonus/grpc.git v0.0.0-20180702101554-bc8ab648c5dd/go.mod h1:2xlaa3whMIQjc5rjNStcOl7izUrhgiXzCheLkm5xNt0=
git.speakin.mobi/bonus/grpc_server.git v0.0.0-20180716084633-967e8c13f9ec h1:m0wYOLhJbgAaLAPwxNhnunx/ZQBQKkcN05XR3IDCcpM=
git.speakin.mobi/bonus/grpc_server.git v0.0.0-20180716084633-967e8c13f9ec/go.mod h1:Rn2rtoCzl7KnjnETY9KKwkcqzKXR1vXssFRS2EWdv1E=
git.speakin.mobi/grpc_gen/core.git v0.0.0-20170712034732-e3739efa698b h1:fuwWbdicAY7/G/qqovzdc/apbA6rLcbwREEFk1uXc8w=
git.speakin.mobi/grpc_gen/core.git v0.0.0-20170712034732-e3739efa698b/go.mod h1:8+cWS08IeXL8zbuNL2yJElXdL+y90V37+fS6F2v0dM8=
git.speakin.mobi/infrastructure/config_center.git v0.0.0-20170615064452-1683abc39b31 h1:7VgI0pOISsZYYr6pAMD9NgKbw3RHkFJZ36ReG0fpjgo=
git.speakin.mobi/infrastructure/config_center.git v0.0.0-20170615064452-1683abc39b31/go.mod h1:rVzVg6JhqyNChkov27YIvSRj2JNw2WrB+v7q21Zv7PI=
git.speakin.mobi/infrastructure/discovery_center.git v0.0.0-20181015121456-7c0853c4ea26 h1:MYbwiHwrCaA4WdRQOICWohBwZw7jio4pgp464ThvRxM=
git.speakin.mobi/infrastructure/discovery_center.git v0.0.0-20181015121456-7c0853c4ea26/go.mod h1:gA4q3T057wSEik936Bgh9cOPT2E3/1tg/6rSxZ6b064=
git.speakin.mobi/infrastructure/jaeger_helper.git v0.0.0-20181026102553-8179d07b6a77 h1:LO4IcIQ1y0mHOS8pmgr7d/v67kGK1NMfjAEkg7d9gvI=
git.speakin.mobi/infrastructure/jaeger_helper.git v0.0.0-20181026102553-8179d07b6a77/go.mod h1:X9ixjjenpSa4eivvDYV4HvRtIN5ncA21mKPaXgJEhjc=
git.speakin.mobi/infrastructure/logger.git v0.0.0-20180903090627-ff58829ba605 h1:uVc/4zBg/dWrAZwnfGkBHkhImK3EAO+SzhVQ7h7MaCs=
git.speakin.mobi/infrastructure/logger.git v0.0.0-20180903090627-ff58829ba605/go.mod h1:XBcNlZGPGicmkbjh9wdytYMbqccJWoDv6I1n0+FBFT4=
git.speakin.mobi/infrastructure/service_launch.git v0.0.0-20181029120021-3af180b242df h1:nfVH5x/aRc4/cxcls/PtfIqoJmtVbjyQOQSnRDeXj84=
git.speakin.mobi/infrastructure/service_launch.git v0.0.0-20181029120021-3af180b242df/go.mod h1:rXDS4OltjWDiLxTmeONgkLp2lTYBf1caHKv+s2CF2H8=
github.com/astaxie/beego v1.10.1 h1:M2ciUnyiZycuTpGEA+idJF0gX24h58EbPvGqjnO/DCg=
github.com/astaxie/beego v1.10.1/go.mod h1:0R4++1tUqERR0WYFWdfkcrsyoVBCG4DgpDGokT3yb+U=
github.com/bigpigeon/Test/go/module_demo/depend1 v0.0.0-20181113070655-c58e66e5b9f3 h1:qHuwnUoh2NS0dndhBTqr41hXCgruqXOKZclavQf7n9g=
github.com/bigpigeon/Test/go/module_demo/depend1 v0.0.0-20181113070655-c58e66e5b9f3/go.mod h1:rK6u8hN32GTYkAMg1lDir/L4RhjiMc1B828wNRFrkhk=
github.com/bigpigeon/Test/go/module_demo/depend1 v0.0.0-20190508084926-c57629d85eb0 h1:yu6gi4vtyUsNATGIB1uBtS9bsvVmz+Wemd6UTLsiN14=
github.com/bigpigeon/Test/go/module_demo/depend1 v0.0.0-20190508084926-c57629d85eb0/go.mod h1:rK6u8hN32GTYkAMg1lDir/L4RhjiMc1B828wNRFrkhk=
github.com/bigpigeon/Test/go/module_demo/depend2 v0.0.0-20181113070655-c58e66e5b9f3 h1:BIRrLBAF3xVFZ6ER2QUaJO6xmwCbbaXrhoJTHdCJqmw=
github.com/bigpigeon/Test/go/module_demo/depend2 v0.0.0-20181113070655-c58e66e5b9f3/go.mod h1:KsO7rdXqlHKGw5HchtqAD6ouaSiagE1qATJiIKMIOEk=
github.com/bigpigeon/Test/go/module_demo/depend2 v0.0.0-20190508084926-c57629d85eb0 h1:AcsLvtNvg1nWI9DALQ9Arqz96rfi28Iz67i6sfGXi1Q=
github.com/bigpigeon/Test/go/module_demo/depend2 v0.0.0-20190508084926-c57629d85eb0/go.mod h1:KsO7rdXqlHKGw5HchtqAD6ouaSiagE1qATJiIKMIOEk=
github.com/bigpigeon/logrus v1.2.1-bigpigeon h1:hUQubW7Bbh6R6581erKilQr7peyH4pVntNjs4ihShKw=
github.com/bigpigeon/logrus v1.2.1-bigpigeon/go.mod h1:LxeOpSwHxABJmUn/MG1IvRgCAasNZTLOkJPxbbu5VWo=
github.com/bigpigeon/toyorm v0.3.1-alpha/go.mod h1:1oP0+Eaurzcy6IhI1QmPm76DRTI+WjswK1oQGaafJ+0=
github.com/bigpigeon/toyorm v0.4.1-alpha h1:q2x52qA0C2wW8AUZBnQVAGme4xKhbguL8/pSmTIsINA=
github.com/bigpigeon/toyorm v0.4.1-alpha/go.mod h1:1oP0+Eaurzcy6IhI1QmPm76DRTI+WjswK1oQGaafJ+0=
github.com/client9/misspell v0.3.4/go.mod h1:qj6jICC3Q7zFZvVWo7KLAzC3yx5G7kyvSDkc90ppPyw=
github.com/codahale/hdrhistogram v0.0.0-20161010025455-3a0bb77429bd h1:qMd81Ts1T2OTKmB4acZcyKaMtRnY5Y44NuXGX2GFJ1w=
github.com/codahale/hdrhistogram v0.0.0-20161010025455-3a0bb77429bd/go.mod h1:sE/e/2PUdi/liOCUjSTXgM1o87ZssimdTWN964YiIeI=
github.com/coreos/etcd v3.3.10+incompatible h1:KjVWqrZ5U0wa3CxY2AxlH6/UcB+PK2td1DcsYhA+HRs=
github.com/coreos/etcd v3.3.10+incompatible/go.mod h1:uF7uidLiAD3TWHmW31ZFd/JWoc32PjwdhPthX9715RE=
github.com/coreos/go-semver v0.2.0 h1:3Jm3tLmsgAYcjC+4Up7hJrFBPr+n7rAqYeSw/SZazuY=
github.com/coreos/go-semver v0.2.0/go.mod h1:nnelYz7RCh+5ahJtPPxZlU+153eP4D4r3EedlOD2RNk=
github.com/davecgh/go-spew v1.1.1/go.mod h1:J7Y8YcW2NihsgmVo/mv3lAwl/skON4iLHjSsI+c5H38=
github.com/dchest/uniuri v0.0.0-20160212164326-8902c56451e9 h1:74lLNRzvsdIlkTgfDSMuaPjBr4cf6k7pwQQANm/yLKU=
github.com/dchest/uniuri v0.0.0-20160212164326-8902c56451e9/go.mod h1:GgB8SF9nRG+GqaDtLcwJZsQFhcogVCJ79j4EdT0c2V4=
github.com/golang/glog v0.0.0-20160126235308-23def4e6c14b/go.mod h1:SBH7ygxi8pfUlaOkMMuAQtPIUF8ecWP5IEl/CR7VP2Q=
github.com/golang/lint v0.0.0-20180702182130-06c8688daad7/go.mod h1:tluoj9z5200jBnyusfRPU2LqT6J+DAorxEvtC7LHB+E=
github.com/golang/mock v1.1.1/go.mod h1:oTYuIxOrZwtPieC+H1uAHpcLFnEyAGVDL/k47Jfbm0A=
github.com/golang/protobuf v1.2.0 h1:P3YflyNX/ehuJFLhxviNdFxQPkGK5cDcApsge1SqnvM=
github.com/golang/protobuf v1.2.0/go.mod h1:6lQm79b+lXiMfvg/cZm0SGofjICqVBUtrP5yJMmIC1U=
github.com/kisielk/gotool v1.0.0/go.mod h1:XhKaO+MFFWcvkIS/tQcRk01m1F5IRFswLeQ+oQHNcck=
github.com/konsorten/go-windows-terminal-sequences v1.0.1/go.mod h1:T0+1ngSBFLxvqU3pZ+m/2kptfBszLMUkC4ZK/EgS/cQ=
github.com/opentracing/opentracing-go v1.0.2 h1:3jA2P6O1F9UOrWVpwrIo17pu01KWvNWg4X946/Y5Zwg=
github.com/opentracing/opentracing-go v1.0.2/go.mod h1:UkNAQd3GIcIGf0SeVgPpRdFStlNbqXla1AfSYxPUl2o=
github.com/pkg/errors v0.8.0 h1:WdK/asTD0HN+q6hsWO3/vpuAkAr+tw6aNJNDFFf0+qw=
github.com/pkg/errors v0.8.0/go.mod h1:bwawxfHBFNV+L2hUp1rHADufV3IMtnDRdf1r5NINEl0=
github.com/pmezard/go-difflib v1.0.0/go.mod h1:iKH77koFhYxTK1pcRnkKkqfTogsbg7gZNVY4sRDYZ/4=
github.com/satori/go.uuid v1.2.0 h1:0uYX9dsZ2yD7q2RtLRtPSdGDWzjeM3TbMJP9utgA0ww=
github.com/satori/go.uuid v1.2.0/go.mod h1:dA0hQrYB0VpLJoorglMZABFdXlWrHn1NEOzdhQKdks0=
github.com/stretchr/objx v0.1.1/go.mod h1:HFkY916IF+rwdDfMAkV7OtwuqBVzrE8GR6GFx+wExME=
github.com/stretchr/testify v1.2.2/go.mod h1:a8OnRcib4nhh0OaRAV+Yts87kKdq0PP7pXfy6kDkUVs=
github.com/uber/jaeger-client-go v2.15.0+incompatible h1:NP3qsSqNxh8VYr956ur1N/1C1PjvOJnJykCzcD5QHbk=
github.com/uber/jaeger-client-go v2.15.0+incompatible/go.mod h1:WVhlPFC8FDjOFMMWRy2pZqQJSXxYSwNYOkTr/Z6d3Kk=
github.com/uber/jaeger-lib v1.5.0 h1:OHbgr8l656Ub3Fw5k9SWnBfIEwvoHQ+W2y+Aa9D1Uyo=
github.com/uber/jaeger-lib v1.5.0/go.mod h1:ComeNDZlWwrWnDv8aPp0Ba6+uUTzImX/AauajbLI56U=
github.com/ugorji/go/codec v0.0.0-20181022190402-e5e69e061d4f h1:y3Vj7GoDdcBkxFa2RUUFKM25TrBbWVDnjRDI0u975zQ=
github.com/ugorji/go/codec v0.0.0-20181022190402-e5e69e061d4f/go.mod h1:VFNgLljTbGfSG7qAOspJ7OScBnGdDN/yBr0sguwnwf0=
golang.org/x/crypto v0.0.0-20180904163835-0709b304e793 h1:u+LnwYTOOW7Ukr/fppxEb1Nwz0AtPflrblfvUudpo+I=
golang.org/x/crypto v0.0.0-20180904163835-0709b304e793/go.mod h1:6SG95UA2DQfeDnfUPMdvaQW0Q7yPrPDi9nlGo2tz2b4=
golang.org/x/lint v0.0.0-20180702182130-06c8688daad7/go.mod h1:UVdnD1Gm6xHRNCYTkRU2/jEulfH38KcIWyp/GAMgvoE=
golang.org/x/net v0.0.0-20180826012351-8a410e7b638d/go.mod h1:mL1N/T3taQHkDXs73rZJwtUhF3w3ftmwwsq0BUmARs4=
golang.org/x/net v0.0.0-20181114220301-adae6a3d119a h1:gOpx8G595UYyvj8UK4+OFyY4rx037g3fmfhe5SasG3U=
golang.org/x/net v0.0.0-20181114220301-adae6a3d119a/go.mod h1:mL1N/T3taQHkDXs73rZJwtUhF3w3ftmwwsq0BUmARs4=
golang.org/x/oauth2 v0.0.0-20180821212333-d2e6202438be/go.mod h1:N/0e6XlmueqKjAGxoOufVs8QHGRruUQn6yWY3a++T0U=
golang.org/x/sync v0.0.0-20180314180146-1d60e4601c6f/go.mod h1:RxMgew5VJxzue5/jJTE5uejpjVlOe/izrB70Jof72aM=
golang.org/x/sys v0.0.0-20180830151530-49385e6e1522/go.mod h1:STP8DvDyc/dI5b8T5hshtkjS+E42TnysNCUPdjciGhY=
golang.org/x/sys v0.0.0-20180905080454-ebe1bf3edb33 h1:I6FyU15t786LL7oL/hn43zqTuEGr4PN7F4XJ1p4E3Y8=
golang.org/x/sys v0.0.0-20180905080454-ebe1bf3edb33/go.mod h1:STP8DvDyc/dI5b8T5hshtkjS+E42TnysNCUPdjciGhY=
golang.org/x/text v0.3.0 h1:g61tztE5qeGQ89tm6NTjjM9VPIm088od1l6aSorWRWg=
golang.org/x/text v0.3.0/go.mod h1:NqM8EUOU14njkJ3fqMW+pc6Ldnwhi/IjpwHt7yyuwOQ=
golang.org/x/tools v0.0.0-20180828015842-6cd1fcedba52/go.mod h1:n7NCudcB/nEzxVGmLbDWY5pfWTLqBcC2KZ6jyYvM4mQ=
google.golang.org/appengine v1.1.0/go.mod h1:EbEs0AVv82hx2wNQdGPgUI5lhzA/G0D9YwlJXL52JkM=
google.golang.org/genproto v0.0.0-20180817151627-c66870c02cf8 h1:Nw54tB0rB7hY/N0NQvRW8DG4Yk3Q6T9cu9RcFQDu1tc=
google.golang.org/genproto v0.0.0-20180817151627-c66870c02cf8/go.mod h1:JiN7NxoALGmiZfu7CAH4rXhgtRTLTxftemlI0sWmxmc=
google.golang.org/grpc v1.16.0 h1:dz5IJGuC2BB7qXR5AyHNwAUBhZscK2xVez7mznh72sY=
google.golang.org/grpc v1.16.0/go.mod h1:0JHn/cJsOMiMfNA9+DeHDlAU7KAAB5GDlYFpa9MZMio=
gopkg.in/mgo.v2 v2.0.0-20180705113604-9856a29383ce h1:xcEWjVhvbDy+nHP67nPDDpbYrY+ILlfndk4bRioVHaU=
gopkg.in/mgo.v2 v2.0.0-20180705113604-9856a29383ce/go.mod h1:yeKp02qBN3iKW1OzL3MGk2IdtZzaj7SFntXj72NppTA=
honnef.co/go/tools v0.0.0-20180728063816-88497007e858/go.mod h1:rf3lG4BRIbNafJWhAfAdb/ePZxsR/4RtNHQocxwk9r4=
